
Microsoft Visual Studio Solution File, Format Version 12.00
# Visual Studio Version 17
VisualStudioVersion = 17.11.35312.102
MinimumVisualStudioVersion = 10.0.40219.1
Project("{FAE04EC0-301F-11D3-BF4B-00C04F79EFBC}") = "MinunOhjelmani", "MinunOhjelmani\MinunOhjelmani.csproj", "{69B32017-C760-4864-A0B4-B92719BC0758}"
EndProject
Global
	GlobalSection(SolutionConfigurationPlatforms) = preSolution
		Debug|Any CPU = Debug|Any CPU
		Release|Any CPU = Release|Any CPU
	EndGlobalSection
	GlobalSection(ProjectConfigurationPlatforms) = postSolution
		{69B32017-C760-4864-A0B4-B92719BC0758}.Debug|Any CPU.ActiveCfg = Debug|Any CPU
		{69B32017-C760-4864-A0B4-B92719BC0758}.Debug|Any CPU.Build.0 = Debug|Any CPU
		{69B32017-C760-4864-A0B4-B92719BC0758}.Release|Any CPU.ActiveCfg = Release|Any CPU
		{69B32017-C760-4864-A0B4-B92719BC0758}.Release|Any CPU.Build.0 = Release|Any CPU
	EndGlobalSection
	GlobalSection(SolutionProperties) = preSolution
		HideSolutionNode = FALSE
	EndGlobalSection
	GlobalSection(ExtensibilityGlobals) = postSolution
		SolutionGuid = {6E7E579F-EA8D-4391-826A-51605A0EBA36}
	EndGlobalSection
EndGlobal
